
Microsoft Visual Studio Solution File, Format Version 12.00
# Visual Studio Version 17
VisualStudioVersion = 17.7.34202.233
MinimumVisualStudioVersion = 10.0.40219.1
Project("{FAE04EC0-301F-11D3-BF4B-00C04F79EFBC}") = "game", "game\game.csproj", "{539643A7-FAE9-45BB-A11B-4DF5AD243A3B}"
EndProject
Global
	GlobalSection(SolutionConfigurationPlatforms) = preSolution
		Debug|Any CPU = Debug|Any CPU
		Release|Any CPU = Release|Any CPU
	EndGlobalSection
	GlobalSection(ProjectConfigurationPlatforms) = postSolution
		{539643A7-FAE9-45BB-A11B-4DF5AD243A3B}.Debug|Any CPU.ActiveCfg = Debug|Any CPU
		{539643A7-FAE9-45BB-A11B-4DF5AD243A3B}.Debug|Any CPU.Build.0 = Debug|Any CPU
		{539643A7-FAE9-45BB-A11B-4DF5AD243A3B}.Release|Any CPU.ActiveCfg = Release|Any CPU
		{539643A7-FAE9-45BB-A11B-4DF5AD243A3B}.Release|Any CPU.Build.0 = Release|Any CPU
	EndGlobalSection
	GlobalSection(SolutionProperties) = preSolution
		HideSolutionNode = FALSE
	EndGlobalSection
	GlobalSection(ExtensibilityGlobals) = postSolution
		SolutionGuid = {C5DEDB6C-205B-40B2-AFD8-80803125A1DF}
	EndGlobalSection
EndGlobal
